
Microsoft Visual Studio Solution File, Format Version 12.00
# Visual Studio Version 17
VisualStudioVersion = 17.14.36414.22 d17.14
MinimumVisualStudioVersion = 10.0.40219.1
Project("{FAE04EC0-301F-11D3-BF4B-00C04F79EFBC}") = "Airmax_Payroll_System", "Airmax_Payroll_System\Airmax_Payroll_System.csproj", "{8DC74F31-0B06-46F3-84BF-8B8A099635AE}"
EndProject
Global
	GlobalSection(SolutionConfigurationPlatforms) = preSolution
		Debug|Any CPU = Debug|Any CPU
		Release|Any CPU = Release|Any CPU
	EndGlobalSection
	GlobalSection(ProjectConfigurationPlatforms) = postSolution
		{8DC74F31-0B06-46F3-84BF-8B8A099635AE}.Debug|Any CPU.ActiveCfg = Debug|Any CPU
		{8DC74F31-0B06-46F3-84BF-8B8A099635AE}.Debug|Any CPU.Build.0 = Debug|Any CPU
		{8DC74F31-0B06-46F3-84BF-8B8A099635AE}.Release|Any CPU.ActiveCfg = Release|Any CPU
		{8DC74F31-0B06-46F3-84BF-8B8A099635AE}.Release|Any CPU.Build.0 = Release|Any CPU
	EndGlobalSection
	GlobalSection(SolutionProperties) = preSolution
		HideSolutionNode = FALSE
	EndGlobalSection
	GlobalSection(ExtensibilityGlobals) = postSolution
		SolutionGuid = {A15035B1-D95F-4228-9572-3D74791DCB3C}
	EndGlobalSection
EndGlobal
